// !$*UTF8*$!
{
	archiveVersion = 1;
	classes = {
	};
	objectVersion = 46;
	objects = {

/* Begin PBXBuildFile section */
		309907691878A0C60060D412 /* TPXTestModel.m in Sources */ = {isa = PBXBuildFile; fileRef = 309907681878A0C60060D412 /* TPXTestModel.m */; };
		309DD6631878577F0036BDFC /* Foundation.framework in Frameworks */ = {isa = PBXBuildFile; fileRef = 309DD6621878577F0036BDFC /* Foundation.framework */; };
		309DD6651878577F0036BDFC /* CoreGraphics.framework in Frameworks */ = {isa = PBXBuildFile; fileRef = 309DD6641878577F0036BDFC /* CoreGraphics.framework */; };
		309DD6671878577F0036BDFC /* UIKit.framework in Frameworks */ = {isa = PBXBuildFile; fileRef = 309DD6661878577F0036BDFC /* UIKit.framework */; };
		309DD66D1878577F0036BDFC /* InfoPlist.strings in Resources */ = {isa = PBXBuildFile; fileRef = 309DD66B1878577F0036BDFC /* InfoPlist.strings */; };
		309DD66F1878577F0036BDFC /* main.m in Sources */ = {isa = PBXBuildFile; fileRef = 309DD66E1878577F0036BDFC /* main.m */; };
		309DD6731878577F0036BDFC /* TPXAppDelegate.m in Sources */ = {isa = PBXBuildFile; fileRef = 309DD6721878577F0036BDFC /* TPXAppDelegate.m */; };
		309DD6761878577F0036BDFC /* Main.storyboard in Resources */ = {isa = PBXBuildFile; fileRef = 309DD6741878577F0036BDFC /* Main.storyboard */; };
		309DD6791878577F0036BDFC /* TPXViewController.m in Sources */ = {isa = PBXBuildFile; fileRef = 309DD6781878577F0036BDFC /* TPXViewController.m */; };
		309DD67B1878577F0036BDFC /* Images.xcassets in Resources */ = {isa = PBXBuildFile; fileRef = 309DD67A1878577F0036BDFC /* Images.xcassets */; };
		309DD6821878577F0036BDFC /* XCTest.framework in Frameworks */ = {isa = PBXBuildFile; fileRef = 309DD6811878577F0036BDFC /* XCTest.framework */; };
		309DD6831878577F0036BDFC /* Foundation.framework in Frameworks */ = {isa = PBXBuildFile; fileRef = 309DD6621878577F0036BDFC /* Foundation.framework */; };
		309DD6841878577F0036BDFC /* UIKit.framework in Frameworks */ = {isa = PBXBuildFile; fileRef = 309DD6661878577F0036BDFC /* UIKit.framework */; };
		309DD68C1878577F0036BDFC /* InfoPlist.strings in Resources */ = {isa = PBXBuildFile; fileRef = 309DD68A1878577F0036BDFC /* InfoPlist.strings */; };
		309DD68E1878577F0036BDFC /* GitDemoTests.m in Sources */ = {isa = PBXBuildFile; fileRef = 309DD68D1878577F0036BDFC /* GitDemoTests.m */; };
		309DD699187858F10036BDFC /* TPXTest.m in Sources */ = {isa = PBXBuildFile; fileRef = 309DD698187858F10036BDFC /* TPXTest.m */; };
/* End PBXBuildFile section */

/* Begin PBXContainerItemProxy section */
		309DD6851878577F0036BDFC /* PBXContainerItemProxy */ = {
			isa = PBXContainerItemProxy;
			containerPortal = 309DD6571878577F0036BDFC /* Project object */;
			proxyType = 1;
			remoteGlobalIDString = 309DD65E1878577F0036BDFC;
			remoteInfo = GitDemo;
		};
/* End PBXContainerItemProxy section */

/* Begin PBXFileReference section */
		309907671878A0C60060D412 /* TPXTestModel.h */ = {isa = PBXFileReference; fileEncoding = 4; lastKnownFileType = sourcecode.c.h; path = TPXTestModel.h; sourceTree = "<group>"; };
		309907681878A0C60060D412 /* TPXTestModel.m */ = {isa = PBXFileReference; fileEncoding = 4; lastKnownFileType = sourcecode.c.objc; path = TPXTestModel.m; sourceTree = "<group>"; };
		309DD65F1878577F0036BDFC /* GitDemo.app */ = {isa = PBXFileReference; explicitFileType = wrapper.application; includeInIndex = 0; path = GitDemo.app; sourceTree = BUILT_PRODUCTS_DIR; };
		309DD6621878577F0036BDFC /* Foundation.framework */ = {isa = PBXFileReference; lastKnownFileType = wrapper.framework; name = Foundation.framework; path = System/Library/Frameworks/Foundation.framework; sourceTree = SDKROOT; };
		309DD6641878577F0036BDFC /* CoreGraphics.framework */ = {isa = PBXFileReference; lastKnownFileType = wrapper.framework; name = CoreGraphics.framework; path = System/Library/Frameworks/CoreGraphics.framework; sourceTree = SDKROOT; };
		309DD6661878577F0036BDFC /* UIKit.framework */ = {isa = PBXFileReference; lastKnownFileType = wrapper.framework; name = UIKit.framework; path = System/Library/Frameworks/UIKit.framework; sourceTree = SDKROOT; };
		309DD66A1878577F0036BDFC /* GitDemo-Info.plist */ = {isa = PBXFileReference; lastKnownFileType = text.plist.xml; path = "GitDemo-Info.plist"; sourceTree = "<group>"; };
		309DD66C1878577F0036BDFC /* en */ = {isa = PBXFileReference; lastKnownFileType = text.plist.strings; name = en; path = en.lproj/InfoPlist.strings; sourceTree = "<group>"; };
		309DD66E1878577F0036BDFC /* main.m */ = {isa = PBXFileReference; lastKnownFileType = sourcecode.c.objc; path = main.m; sourceTree = "<group>"; };
		309DD6701878577F0036BDFC /* GitDemo-Prefix.pch */ = {isa = PBXFileReference; lastKnownFileType = sourcecode.c.h; path = "GitDemo-Prefix.pch"; sourceTree = "<group>"; };
		309DD6711878577F0036BDFC /* TPXAppDelegate.h */ = {isa = PBXFileReference; lastKnownFileType = sourcecode.c.h; path = TPXAppDelegate.h; sourceTree = "<group>"; };
		309DD6721878577F0036BDFC /* TPXAppDelegate.m */ = {isa = PBXFileReference; lastKnownFileType = sourcecode.c.objc; path = TPXAppDelegate.m; sourceTree = "<group>"; };
		309DD6751878577F0036BDFC /* Base */ = {isa = PBXFileReference; lastKnownFileType = file.storyboard; name = Base; path = Base.lproj/Main.storyboard; sourceTree = "<group>"; };
		309DD6771878577F0036BDFC /* TPXViewController.h */ = {isa = PBXFileReference; lastKnownFileType = sourcecode.c.h; path = TPXViewController.h; sourceTree = "<group>"; };
		309DD6781878577F0036BDFC /* TPXViewController.m */ = {isa = PBXFileReference; lastKnownFileType = sourcecode.c.objc; path = TPXViewController.m; sourceTree = "<group>"; };
		309DD67A1878577F0036BDFC /* Images.xcassets */ = {isa = PBXFileReference; lastKnownFileType = folder.assetcatalog; path = Images.xcassets; sourceTree = "<group>"; };
		309DD6801878577F0036BDFC /* GitDemoTests.xctest */ = {isa = PBXFileReference; explicitFileType = wrapper.cfbundle; includeInIndex = 0; path = GitDemoTests.xctest; sourceTree = BUILT_PRODUCTS_DIR; };
		309DD6811878577F0036BDFC /* XCTest.framework */ = {isa = PBXFileReference; lastKnownFileType = wrapper.framework; name = XCTest.framework; path = Library/Frameworks/XCTest.framework; sourceTree = DEVELOPER_DIR; };
		309DD6891878577F0036BDFC /* GitDemoTests-Info.plist */ = {isa = PBXFileReference; lastKnownFileType = text.plist.xml; path = "GitDemoTests-Info.plist"; sourceTree = "<group>"; };
		309DD68B1878577F0036BDFC /* en */ = {isa = PBXFileReference; lastKnownFileType = text.plist.strings; name = en; path = en.lproj/InfoPlist.strings; sourceTree = "<group>"; };
		309DD68D1878577F0036BDFC /* GitDemoTests.m */ = {isa = PBXFileReference; lastKnownFileType = sourcecode.c.objc; path = GitDemoTests.m; sourceTree = "<group>"; };
		309DD697187858F10036BDFC /* TPXTest.h */ = {isa = PBXFileReference; fileEncoding = 4; lastKnownFileType = sourcecode.c.h; path = TPXTest.h; sourceTree = "<group>"; };
		309DD698187858F10036BDFC /* TPXTest.m */ = {isa = PBXFileReference; fileEncoding = 4; lastKnownFileType = sourcecode.c.objc; path = TPXTest.m; sourceTree = "<group>"; };
/* End PBXFileReference section */

/* Begin PBXFrameworksBuildPhase section */
		309DD65C1878577F0036BDFC /* Frameworks */ = {
			isa = PBXFrameworksBuildPhase;
			buildActionMask = 2147483647;
			files = (
				309DD6651878577F0036BDFC /* CoreGraphics.framework in Frameworks */,
				309DD6671878577F0036BDFC /* UIKit.framework in Frameworks */,
				309DD6631878577F0036BDFC /* Foundation.framework in Frameworks */,
			);
			runOnlyForDeploymentPostprocessing = 0;
		};
		309DD67D1878577F0036BDFC /* Frameworks */ = {
			isa = PBXFrameworksBuildPhase;
			buildActionMask = 2147483647;
			files = (
				309DD6821878577F0036BDFC /* XCTest.framework in Frameworks */,
				309DD6841878577F0036BDFC /* UIKit.framework in Frameworks */,
				309DD6831878577F0036BDFC /* Foundation.framework in Frameworks */,
			);
			runOnlyForDeploymentPostprocessing = 0;
		};
/* End PBXFrameworksBuildPhase section */

/* Begin PBXGroup section */
		309DD6561878577F0036BDFC = {
			isa = PBXGroup;
			children = (
				309DD6681878577F0036BDFC /* GitDemo */,
				309DD6871878577F0036BDFC /* GitDemoTests */,
				309DD6611878577F0036BDFC /* Frameworks */,
				309DD6601878577F0036BDFC /* Products */,
			);
			sourceTree = "<group>";
		};
		309DD6601878577F0036BDFC /* Products */ = {
			isa = PBXGroup;
			children = (
				309DD65F1878577F0036BDFC /* GitDemo.app */,
				309DD6801878577F0036BDFC /* GitDemoTests.xctest */,
			);
			name = Products;
			sourceTree = "<group>";
		};
		309DD6611878577F0036BDFC /* Frameworks */ = {
			isa = PBXGroup;
			children = (
				309DD6621878577F0036BDFC /* Foundation.framework */,
				309DD6641878577F0036BDFC /* CoreGraphics.framework */,
				309DD6661878577F0036BDFC /* UIKit.framework */,
				309DD6811878577F0036BDFC /* XCTest.framework */,
			);
			name = Frameworks;
			sourceTree = "<group>";
		};
		309DD6681878577F0036BDFC /* GitDemo */ = {
			isa = PBXGroup;
			children = (
				309DD6711878577F0036BDFC /* TPXAppDelegate.h */,
				309DD6721878577F0036BDFC /* TPXAppDelegate.m */,
				309DD6741878577F0036BDFC /* Main.storyboard */,
				309DD6771878577F0036BDFC /* TPXViewController.h */,
				309DD6781878577F0036BDFC /* TPXViewController.m */,
				309DD67A1878577F0036BDFC /* Images.xcassets */,
				309DD6691878577F0036BDFC /* Supporting Files */,
				309DD697187858F10036BDFC /* TPXTest.h */,
				309DD698187858F10036BDFC /* TPXTest.m */,
				309907671878A0C60060D412 /* TPXTestModel.h */,
				309907681878A0C60060D412 /* TPXTestModel.m */,
			);
			path = GitDemo;
			sourceTree = "<group>";
		};
		309DD6691878577F0036BDFC /* Supporting Files */ = {
			isa = PBXGroup;
			children = (
				309DD66A1878577F0036BDFC /* GitDemo-Info.plist */,
				309DD66B1878577F0036BDFC /* InfoPlist.strings */,
				309DD66E1878577F0036BDFC /* main.m */,
				309DD6701878577F0036BDFC /* GitDemo-Prefix.pch */,
			);
			name = "Supporting Files";
			sourceTree = "<group>";
		};
		309DD6871878577F0036BDFC /* GitDemoTests */ = {
			isa = PBXGroup;
			children = (
				309DD68D1878577F0036BDFC /* GitDemoTests.m */,
				309DD6881878577F0036BDFC /* Supporting Files */,
			);
			path = GitDemoTests;
			sourceTree = "<group>";
		};
		309DD6881878577F0036BDFC /* Supporting Files */ = {
			isa = PBXGroup;
			children = (
				309DD6891878577F0036BDFC /* GitDemoTests-Info.plist */,
				309DD68A1878577F0036BDFC /* InfoPlist.strings */,
			);
			name = "Supporting Files";
			sourceTree = "<group>";
		};
/* End PBXGroup section */

/* Begin PBXNativeTarget section */
		309DD65E1878577F0036BDFC /* GitDemo */ = {
			isa = PBXNativeTarget;
			buildConfigurationList = 309DD6911878577F0036BDFC /* Build configuration list for PBXNativeTarget "GitDemo" */;
			buildPhases = (
				309DD65B1878577F0036BDFC /* Sources */,
				309DD65C1878577F0036BDFC /* Frameworks */,
				309DD65D1878577F0036BDFC /* Resources */,
			);
			buildRules = (
			);
			dependencies = (
			);
			name = GitDemo;
			productName = GitDemo;
			productReference = 309DD65F1878577F0036BDFC /* GitDemo.app */;
			productType = "com.apple.product-type.application";
		};
		309DD67F1878577F0036BDFC /* GitDemoTests */ = {
			isa = PBXNativeTarget;
			buildConfigurationList = 309DD6941878577F0036BDFC /* Build configuration list for PBXNativeTarget "GitDemoTests" */;
			buildPhases = (
				309DD67C1878577F0036BDFC /* Sources */,
				309DD67D1878577F0036BDFC /* Frameworks */,
				309DD67E1878577F0036BDFC /* Resources */,
			);
			buildRules = (
			);
			dependencies = (
				309DD6861878577F0036BDFC /* PBXTargetDependency */,
			);
			name = GitDemoTests;
			productName = GitDemoTests;
			productReference = 309DD6801878577F0036BDFC /* GitDemoTests.xctest */;
			productType = "com.apple.product-type.bundle.unit-test";
		};
/* End PBXNativeTarget section */

/* Begin PBXProject section */
		309DD6571878577F0036BDFC /* Project object */ = {
			isa = PBXProject;
			attributes = {
				CLASSPREFIX = TPX;
				LastUpgradeCheck = 0500;
				ORGANIZATIONNAME = tinypixel;
				TargetAttributes = {
					309DD67F1878577F0036BDFC = {
						TestTargetID = 309DD65E1878577F0036BDFC;
					};
				};
			};
			buildConfigurationList = 309DD65A1878577F0036BDFC /* Build configuration list for PBXProject "GitDemo" */;
			compatibilityVersion = "Xcode 3.2";
			developmentRegion = English;
			hasScannedForEncodings = 0;
			knownRegions = (
				en,
				Base,
			);
			mainGroup = 309DD6561878577F0036BDFC;
			productRefGroup = 309DD6601878577F0036BDFC /* Products */;
			projectDirPath = "";
			projectRoot = "";
			targets = (
				309DD65E1878577F0036BDFC /* GitDemo */,
				309DD67F1878577F0036BDFC /* GitDemoTests */,
			);
		};
/* End PBXProject section */

/* Begin PBXResourcesBuildPhase section */
		309DD65D1878577F0036BDFC /* Resources */ = {
			isa = PBXResourcesBuildPhase;
			buildActionMask = 2147483647;
			files = (
				309DD67B1878577F0036BDFC /* Images.xcassets in Resources */,
				309DD66D1878577F0036BDFC /* InfoPlist.strings in Resources */,
				309DD6761878577F0036BDFC /* Main.storyboard in Resources */,
			);
			runOnlyForDeploymentPostprocessing = 0;
		};
		309DD67E1878577F0036BDFC /* Resources */ = {
			isa = PBXResourcesBuildPhase;
			buildActionMask = 2147483647;
			files = (
				309DD68C1878577F0036BDFC /* InfoPlist.strings in Resources */,
			);
			runOnlyForDeploymentPostprocessing = 0;
		};
/* End PBXResourcesBuildPhase section */

/* Begin PBXSourcesBuildPhase section */
		309DD65B1878577F0036BDFC /* Sources */ = {
			isa = PBXSourcesBuildPhase;
			buildActionMask = 2147483647;
			files = (
				309DD699187858F10036BDFC /* TPXTest.m in Sources */,
				309907691878A0C60060D412 /* TPXTestModel.m in Sources */,
				309DD66F1878577F0036BDFC /* main.m in Sources */,
				309DD6791878577F0036BDFC /* TPXViewController.m in Sources */,
				309DD6731878577F0036BDFC /* TPXAppDelegate.m in Sources */,
			);
			runOnlyForDeploymentPostprocessing = 0;
		};
		309DD67C1878577F0036BDFC /* Sources */ = {
			isa = PBXSourcesBuildPhase;
			buildActionMask = 2147483647;
			files = (
				309DD68E1878577F0036BDFC /* GitDemoTests.m in Sources */,
			);
			runOnlyForDeploymentPostprocessing = 0;
		};
/* End PBXSourcesBuildPhase section */

/* Begin PBXTargetDependency section */
		309DD6861878577F0036BDFC /* PBXTargetDependency */ = {
			isa = PBXTargetDependency;
			target = 309DD65E1878577F0036BDFC /* GitDemo */;
			targetProxy = 309DD6851878577F0036BDFC /* PBXContainerItemProxy */;
		};
/* End PBXTargetDependency section */

/* Begin PBXVariantGroup section */
		309DD66B1878577F0036BDFC /* InfoPlist.strings */ = {
			isa = PBXVariantGroup;
			children = (
				309DD66C1878577F0036BDFC /* en */,
			);
			name = InfoPlist.strings;
			sourceTree = "<group>";
		};
		309DD6741878577F0036BDFC /* Main.storyboard */ = {
			isa = PBXVariantGroup;
			children = (
				309DD6751878577F0036BDFC /* Base */,
			);
			name = Main.storyboard;
			sourceTree = "<group>";
		};
		309DD68A1878577F0036BDFC /* InfoPlist.strings */ = {
			isa = PBXVariantGroup;
			children = (
				309DD68B1878577F0036BDFC /* en */,
			);
			name = InfoPlist.strings;
			sourceTree = "<group>";
		};
/* End PBXVariantGroup section */

/* Begin XCBuildConfiguration section */
		309DD68F1878577F0036BDFC /* Debug */ = {
			isa = XCBuildConfiguration;
			buildSettings = {
				ALWAYS_SEARCH_USER_PATHS = NO;
				ARCHS = "$(ARCHS_STANDARD_INCLUDING_64_BIT)";
				CLANG_CXX_LANGUAGE_STANDARD = "gnu++0x";
				CLANG_CXX_LIBRARY = "libc++";
				CLANG_ENABLE_MODULES = YES;
				CLANG_ENABLE_OBJC_ARC = YES;
				CLANG_WARN_BOOL_CONVERSION = YES;
				CLANG_WARN_CONSTANT_CONVERSION = YES;
				CLANG_WARN_DIRECT_OBJC_ISA_USAGE = YES_ERROR;
				CLANG_WARN_EMPTY_BODY = YES;
				CLANG_WARN_ENUM_CONVERSION = YES;
				CLANG_WARN_INT_CONVERSION = YES;
				CLANG_WARN_OBJC_ROOT_CLASS = YES_ERROR;
				CLANG_WARN__DUPLICATE_METHOD_MATCH = YES;
				"CODE_SIGN_IDENTITY[sdk=iphoneos*]" = "iPhone Developer";
				COPY_PHASE_STRIP = NO;
				GCC_C_LANGUAGE_STANDARD = gnu99;
				GCC_DYNAMIC_NO_PIC = NO;
				GCC_OPTIMIZATION_LEVEL = 0;
				GCC_PREPROCESSOR_DEFINITIONS = (
					"DEBUG=1",
					"$(inherited)",
				);
				GCC_SYMBOLS_PRIVATE_EXTERN = NO;
				GCC_WARN_64_TO_32_BIT_CONVERSION = YES;
				GCC_WARN_ABOUT_RETURN_TYPE = YES_ERROR;
				GCC_WARN_UNDECLARED_SELECTOR = YES;
				GCC_WARN_UNINITIALIZED_AUTOS = YES;
				GCC_WARN_UNUSED_FUNCTION = YES;
				GCC_WARN_UNUSED_VARIABLE = YES;
				IPHONEOS_DEPLOYMENT_TARGET = 7.0;
				ONLY_ACTIVE_ARCH = YES;
				SDKROOT = iphoneos;
			};
			name = Debug;
		};
		309DD6901878577F0036BDFC /* Release */ = {
			isa = XCBuildConfiguration;
			buildSettings = {
				ALWAYS_SEARCH_USER_PATHS = NO;
				ARCHS = "$(ARCHS_STANDARD_INCLUDING_64_BIT)";
				CLANG_CXX_LANGUAGE_STANDARD = "gnu++0x";
				CLANG_CXX_LIBRARY = "libc++";
				CLANG_ENABLE_MODULES = YES;
				CLANG_ENABLE_OBJC_ARC = YES;
				CLANG_WARN_BOOL_CONVERSION = YES;
				CLANG_WARN_CONSTANT_CONVERSION = YES;
				CLANG_WARN_DIRECT_OBJC_ISA_USAGE = YES_ERROR;
				CLANG_WARN_EMPTY_BODY = YES;
				CLANG_WARN_ENUM_CONVERSION = YES;
				CLANG_WARN_INT_CONVERSION = YES;
				CLANG_WARN_OBJC_ROOT_CLASS = YES_ERROR;
				CLANG_WARN__DUPLICATE_METHOD_MATCH = YES;
				"CODE_SIGN_IDENTITY[sdk=iphoneos*]" = "iPhone Developer";
				COPY_PHASE_STRIP = YES;
				ENABLE_NS_ASSERTIONS = NO;
				GCC_C_LANGUAGE_STANDARD = gnu99;
				GCC_WARN_64_TO_32_BIT_CONVERSION = YES;
				GCC_WARN_ABOUT_RETURN_TYPE = YES_ERROR;
				GCC_WARN_UNDECLARED_SELECTOR = YES;
				GCC_WARN_UNINITIALIZED_AUTOS = YES;
				GCC_WARN_UNUSED_FUNCTION = YES;
				GCC_WARN_UNUSED_VARIABLE = YES;
				IPHONEOS_DEPLOYMENT_TARGET = 7.0;
				SDKROOT = iphoneos;
				VALIDATE_PRODUCT = YES;
			};
			name = Release;
		};
		309DD6921878577F0036BDFC /* Debug */ = {
			isa = XCBuildConfiguration;
			buildSettings = {
				ASSETCATALOG_COMPILER_APPICON_NAME = AppIcon;
				ASSETCATALOG_COMPILER_LAUNCHIMAGE_NAME = LaunchImage;
				GCC_PRECOMPILE_PREFIX_HEADER = YES;
				GCC_PREFIX_HEADER = "GitDemo/GitDemo-Prefix.pch";
				INFOPLIST_FILE = "GitDemo/GitDemo-Info.plist";
				PRODUCT_NAME = "$(TARGET_NAME)";
				WRAPPER_EXTENSION = app;
			};
			name = Debug;
		};
		309DD6931878577F0036BDFC /* Release */ = {
			isa = XCBuildConfiguration;
			buildSettings = {
				ASSETCATALOG_COMPILER_APPICON_NAME = AppIcon;
				ASSETCATALOG_COMPILER_LAUNCHIMAGE_NAME = LaunchImage;
				GCC_PRECOMPILE_PREFIX_HEADER = YES;
				GCC_PREFIX_HEADER = "GitDemo/GitDemo-Prefix.pch";
				INFOPLIST_FILE = "GitDemo/GitDemo-Info.plist";
				PRODUCT_NAME = "$(TARGET_NAME)";
				WRAPPER_EXTENSION = app;
			};
			name = Release;
		};
		309DD6951878577F0036BDFC /* Debug */ = {
			isa = XCBuildConfiguration;
			buildSettings = {
				ARCHS = "$(ARCHS_STANDARD_INCLUDING_64_BIT)";
				BUNDLE_LOADER = "$(BUILT_PRODUCTS_DIR)/GitDemo.app/GitDemo";
				FRAMEWORK_SEARCH_PATHS = (
					"$(SDKROOT)/Developer/Library/Frameworks",
					"$(inherited)",
					"$(DEVELOPER_FRAMEWORKS_DIR)",
				);
				GCC_PRECOMPILE_PREFIX_HEADER = YES;
				GCC_PREFIX_HEADER = "GitDemo/GitDemo-Prefix.pch";
				GCC_PREPROCESSOR_DEFINITIONS = (
					"DEBUG=1",
					"$(inherited)",
				);
				INFOPLIST_FILE = "GitDemoTests/GitDemoTests-Info.plist";
				PRODUCT_NAME = "$(TARGET_NAME)";
				TEST_HOST = "$(BUNDLE_LOADER)";
				WRAPPER_EXTENSION = xctest;
			};
			name = Debug;
		};
		309DD6961878577F0036BDFC /* Release */ = {
			isa = XCBuildConfiguration;
			buildSettings = {
				ARCHS = "$(ARCHS_STANDARD_INCLUDING_64_BIT)";
				BUNDLE_LOADER = "$(BUILT_PRODUCTS_DIR)/GitDemo.app/GitDemo";
				FRAMEWORK_SEARCH_PATHS = (
					"$(SDKROOT)/Developer/Library/Frameworks",
					"$(inherited)",
					"$(DEVELOPER_FRAMEWORKS_DIR)",
				);
				GCC_PRECOMPILE_PREFIX_HEADER = YES;
				GCC_PREFIX_HEADER = "GitDemo/GitDemo-Prefix.pch";
				INFOPLIST_FILE = "GitDemoTests/GitDemoTests-Info.plist";
				PRODUCT_NAME = "$(TARGET_NAME)";
				TEST_HOST = "$(BUNDLE_LOADER)";
				WRAPPER_EXTENSION = xctest;
			};
			name = Release;
		};
/* End XCBuildConfiguration section */

/* Begin XCConfigurationList section */
		309DD65A1878577F0036BDFC /* Build configuration list for PBXProject "GitDemo" */ = {
			isa = XCConfigurationList;
			buildConfigurations = (
				309DD68F1878577F0036BDFC /* Debug */,
				309DD6901878577F0036BDFC /* Release */,
			);
			defaultConfigurationIsVisible = 0;
			defaultConfigurationName = Release;
		};
		309DD6911878577F0036BDFC /* Build configuration list for PBXNativeTarget "GitDemo" */ = {
			isa = XCConfigurationList;
			buildConfigurations = (
				309DD6921878577F0036BDFC /* Debug */,
				309DD6931878577F0036BDFC /* Release */,
			);
			defaultConfigurationIsVisible = 0;
			defaultConfigurationName = Release;
		};
		309DD6941878577F0036BDFC /* Build configuration list for PBXNativeTarget "GitDemoTests" */ = {
			isa = XCConfigurationList;
			buildConfigurations = (
				309DD6951878577F0036BDFC /* Debug */,
				309DD6961878577F0036BDFC /* Release */,
			);
			defaultConfigurationIsVisible = 0;
			defaultConfigurationName = Release;
		};
/* End XCConfigurationList section */
	};
	rootObject = 309DD6571878577F0036BDFC /* Project object */;
}
